
Microsoft Visual Studio Solution File, Format Version 12.00
# Visual Studio Version 17
VisualStudioVersion = 17.0.31717.71
MinimumVisualStudioVersion = 10.0.40219.1
Project("{9A19103F-16F7-4668-BE54-9A1E7A4F7556}") = "JK.Finances.Blazor", "JK.Finances.Blazor.csproj", "{F39EF8EC-5A19-4DD5-9C17-A558E5726814}"
EndProject
Global
	GlobalSection(SolutionConfigurationPlatforms) = preSolution
		Debug|Any CPU = Debug|Any CPU
		Release|Any CPU = Release|Any CPU
	EndGlobalSection
	GlobalSection(ProjectConfigurationPlatforms) = postSolution
		{F39EF8EC-5A19-4DD5-9C17-A558E5726814}.Debug|Any CPU.ActiveCfg = Debug|Any CPU
		{F39EF8EC-5A19-4DD5-9C17-A558E5726814}.Debug|Any CPU.Build.0 = Debug|Any CPU
		{F39EF8EC-5A19-4DD5-9C17-A558E5726814}.Release|Any CPU.ActiveCfg = Release|Any CPU
		{F39EF8EC-5A19-4DD5-9C17-A558E5726814}.Release|Any CPU.Build.0 = Release|Any CPU
	EndGlobalSection
	GlobalSection(SolutionProperties) = preSolution
		HideSolutionNode = FALSE
	EndGlobalSection
	GlobalSection(ExtensibilityGlobals) = postSolution
		SolutionGuid = {80445173-A2A5-46F8-84CE-BDCB0A1F5269}
	EndGlobalSection
EndGlobal